
Microsoft Visual Studio Solution File, Format Version 12.00
# Visual Studio 15
VisualStudioVersion = 15.0.27004.2010
MinimumVisualStudioVersion = 10.0.40219.1
Project("{FAE04EC0-301F-11D3-BF4B-00C04F79EFBC}") = "ProbabilityMonad", "ProbabilityMonad\ProbabilityMonad.csproj", "{4D86FC3E-B938-4E4D-8016-CE473A8B42B4}"
EndProject
Project("{FAE04EC0-301F-11D3-BF4B-00C04F79EFBC}") = "ProbabilityMonad.Test", "ProbabilityMonad.Test\ProbabilityMonad.Test.csproj", "{51BF25B4-DD03-4067-AE1D-38FA2556B7A8}"
EndProject
Global
	GlobalSection(SolutionConfigurationPlatforms) = preSolution
		Debug|Any CPU = Debug|Any CPU
		Release|Any CPU = Release|Any CPU
	EndGlobalSection
	GlobalSection(ProjectConfigurationPlatforms) = postSolution
		{4D86FC3E-B938-4E4D-8016-CE473A8B42B4}.Debug|Any CPU.ActiveCfg = Debug|Any CPU
		{4D86FC3E-B938-4E4D-8016-CE473A8B42B4}.Debug|Any CPU.Build.0 = Debug|Any CPU
		{4D86FC3E-B938-4E4D-8016-CE473A8B42B4}.Release|Any CPU.ActiveCfg = Release|Any CPU
		{4D86FC3E-B938-4E4D-8016-CE473A8B42B4}.Release|Any CPU.Build.0 = Release|Any CPU
		{51BF25B4-DD03-4067-AE1D-38FA2556B7A8}.Debug|Any CPU.ActiveCfg = Debug|Any CPU
		{51BF25B4-DD03-4067-AE1D-38FA2556B7A8}.Debug|Any CPU.Build.0 = Debug|Any CPU
		{51BF25B4-DD03-4067-AE1D-38FA2556B7A8}.Release|Any CPU.ActiveCfg = Release|Any CPU
		{51BF25B4-DD03-4067-AE1D-38FA2556B7A8}.Release|Any CPU.Build.0 = Release|Any CPU
	EndGlobalSection
	GlobalSection(SolutionProperties) = preSolution
		HideSolutionNode = FALSE
	EndGlobalSection
	GlobalSection(ExtensibilityGlobals) = postSolution
		SolutionGuid = {3D329A67-7004-476C-B24D-CF7342178F75}
	EndGlobalSection
EndGlobal
